
Microsoft Visual Studio Solution File, Format Version 12.00
# Visual Studio 15
VisualStudioVersion = 15.0.28307.539
MinimumVisualStudioVersion = 10.0.40219.1
Project("{FAE04EC0-301F-11D3-BF4B-00C04F79EFBC}") = "API_ProyectoPracticas", "API_ProyectoPracticas.csproj", "{1203DC53-C344-4088-BECA-74481EBB6BAF}"
EndProject
Global
	GlobalSection(SolutionConfigurationPlatforms) = preSolution
		Debug|Any CPU = Debug|Any CPU
		Release|Any CPU = Release|Any CPU
	EndGlobalSection
	GlobalSection(ProjectConfigurationPlatforms) = postSolution
		{1203DC53-C344-4088-BECA-74481EBB6BAF}.Debug|Any CPU.ActiveCfg = Debug|Any CPU
		{1203DC53-C344-4088-BECA-74481EBB6BAF}.Debug|Any CPU.Build.0 = Debug|Any CPU
		{1203DC53-C344-4088-BECA-74481EBB6BAF}.Release|Any CPU.ActiveCfg = Release|Any CPU
		{1203DC53-C344-4088-BECA-74481EBB6BAF}.Release|Any CPU.Build.0 = Release|Any CPU
	EndGlobalSection
	GlobalSection(SolutionProperties) = preSolution
		HideSolutionNode = FALSE
	EndGlobalSection
	GlobalSection(ExtensibilityGlobals) = postSolution
		SolutionGuid = {3885F44E-0D7F-4810-A10E-6AB99864182D}
	EndGlobalSection
EndGlobal
